// !$*UTF8*$!
{
	archiveVersion = 1;
	classes = {
	};
	objectVersion = 46;
	objects = {

/* Begin PBXBuildFile section */
		23A68145DDCF4A19337CA2DD /* libPods-wangyi.a in Frameworks */ = {isa = PBXBuildFile; fileRef = AE4DCE03FF7E95C0BD434249 /* libPods-wangyi.a */; };
		30938A8F1E72CDFE007D3DA9 /* main.m in Sources */ = {isa = PBXBuildFile; fileRef = 30938A8E1E72CDFE007D3DA9 /* main.m */; };
		30938A921E72CDFE007D3DA9 /* AppDelegate.m in Sources */ = {isa = PBXBuildFile; fileRef = 30938A911E72CDFE007D3DA9 /* AppDelegate.m */; };
		30938A951E72CDFE007D3DA9 /* ViewController.m in Sources */ = {isa = PBXBuildFile; fileRef = 30938A941E72CDFE007D3DA9 /* ViewController.m */; };
		30938A981E72CDFE007D3DA9 /* Main.storyboard in Resources */ = {isa = PBXBuildFile; fileRef = 30938A961E72CDFE007D3DA9 /* Main.storyboard */; };
		30938A9A1E72CDFE007D3DA9 /* Assets.xcassets in Resources */ = {isa = PBXBuildFile; fileRef = 30938A991E72CDFE007D3DA9 /* Assets.xcassets */; };
		30938A9D1E72CDFE007D3DA9 /* LaunchScreen.storyboard in Resources */ = {isa = PBXBuildFile; fileRef = 30938A9B1E72CDFE007D3DA9 /* LaunchScreen.storyboard */; };
		30938AA81E72CDFE007D3DA9 /* wangyiTests.m in Sources */ = {isa = PBXBuildFile; fileRef = 30938AA71E72CDFE007D3DA9 /* wangyiTests.m */; };
		30938AB31E72CDFE007D3DA9 /* wangyiUITests.m in Sources */ = {isa = PBXBuildFile; fileRef = 30938AB21E72CDFE007D3DA9 /* wangyiUITests.m */; };
/* End PBXBuildFile section */

/* Begin PBXContainerItemProxy section */
		30938AA41E72CDFE007D3DA9 /* PBXContainerItemProxy */ = {
			isa = PBXContainerItemProxy;
			containerPortal = 30938A821E72CDFE007D3DA9 /* Project object */;
			proxyType = 1;
			remoteGlobalIDString = 30938A891E72CDFE007D3DA9;
			remoteInfo = wangyi;
		};
		30938AAF1E72CDFE007D3DA9 /* PBXContainerItemProxy */ = {
			isa = PBXContainerItemProxy;
			containerPortal = 30938A821E72CDFE007D3DA9 /* Project object */;
			proxyType = 1;
			remoteGlobalIDString = 30938A891E72CDFE007D3DA9;
			remoteInfo = wangyi;
		};
/* End PBXContainerItemProxy section */

/* Begin PBXFileReference section */
		30938A8A1E72CDFE007D3DA9 /* wangyi.app */ = {isa = PBXFileReference; explicitFileType = wrapper.application; includeInIndex = 0; path = wangyi.app; sourceTree = BUILT_PRODUCTS_DIR; };
		30938A8E1E72CDFE007D3DA9 /* main.m */ = {isa = PBXFileReference; lastKnownFileType = sourcecode.c.objc; path = main.m; sourceTree = "<group>"; };
		30938A901E72CDFE007D3DA9 /* AppDelegate.h */ = {isa = PBXFileReference; lastKnownFileType = sourcecode.c.h; path = AppDelegate.h; sourceTree = "<group>"; };
		30938A911E72CDFE007D3DA9 /* AppDelegate.m */ = {isa = PBXFileReference; lastKnownFileType = sourcecode.c.objc; path = AppDelegate.m; sourceTree = "<group>"; };
		30938A931E72CDFE007D3DA9 /* ViewController.h */ = {isa = PBXFileReference; lastKnownFileType = sourcecode.c.h; path = ViewController.h; sourceTree = "<group>"; };
		30938A941E72CDFE007D3DA9 /* ViewController.m */ = {isa = PBXFileReference; lastKnownFileType = sourcecode.c.objc; path = ViewController.m; sourceTree = "<group>"; };
		30938A971E72CDFE007D3DA9 /* Base */ = {isa = PBXFileReference; lastKnownFileType = file.storyboard; name = Base; path = Base.lproj/Main.storyboard; sourceTree = "<group>"; };
		30938A991E72CDFE007D3DA9 /* Assets.xcassets */ = {isa = PBXFileReference; lastKnownFileType = folder.assetcatalog; path = Assets.xcassets; sourceTree = "<group>"; };
		30938A9C1E72CDFE007D3DA9 /* Base */ = {isa = PBXFileReference; lastKnownFileType = file.storyboard; name = Base; path = Base.lproj/LaunchScreen.storyboard; sourceTree = "<group>"; };
		30938A9E1E72CDFE007D3DA9 /* Info.plist */ = {isa = PBXFileReference; lastKnownFileType = text.plist.xml; path = Info.plist; sourceTree = "<group>"; };
		30938AA31E72CDFE007D3DA9 /* wangyiTests.xctest */ = {isa = PBXFileReference; explicitFileType = wrapper.cfbundle; includeInIndex = 0; path = wangyiTests.xctest; sourceTree = BUILT_PRODUCTS_DIR; };
		30938AA71E72CDFE007D3DA9 /* wangyiTests.m */ = {isa = PBXFileReference; lastKnownFileType = sourcecode.c.objc; path = wangyiTests.m; sourceTree = "<group>"; };
		30938AA91E72CDFE007D3DA9 /* Info.plist */ = {isa = PBXFileReference; lastKnownFileType = text.plist.xml; path = Info.plist; sourceTree = "<group>"; };
		30938AAE1E72CDFE007D3DA9 /* wangyiUITests.xctest */ = {isa = PBXFileReference; explicitFileType = wrapper.cfbundle; includeInIndex = 0; path = wangyiUITests.xctest; sourceTree = BUILT_PRODUCTS_DIR; };
		30938AB21E72CDFE007D3DA9 /* wangyiUITests.m */ = {isa = PBXFileReference; lastKnownFileType = sourcecode.c.objc; path = wangyiUITests.m; sourceTree = "<group>"; };
		30938AB41E72CDFE007D3DA9 /* Info.plist */ = {isa = PBXFileReference; lastKnownFileType = text.plist.xml; path = Info.plist; sourceTree = "<group>"; };
		5AB33235B05DA05B6481FB3E /* Pods-wangyi.release.xcconfig */ = {isa = PBXFileReference; includeInIndex = 1; lastKnownFileType = text.xcconfig; name = "Pods-wangyi.release.xcconfig"; path = "Pods/Target Support Files/Pods-wangyi/Pods-wangyi.release.xcconfig"; sourceTree = "<group>"; };
		9588B1CD725B8B5853FA9517 /* Pods-wangyi.debug.xcconfig */ = {isa = PBXFileReference; includeInIndex = 1; lastKnownFileType = text.xcconfig; name = "Pods-wangyi.debug.xcconfig"; path = "Pods/Target Support Files/Pods-wangyi/Pods-wangyi.debug.xcconfig"; sourceTree = "<group>"; };
		AE4DCE03FF7E95C0BD434249 /* libPods-wangyi.a */ = {isa = PBXFileReference; explicitFileType = archive.ar; includeInIndex = 0; path = "libPods-wangyi.a"; sourceTree = BUILT_PRODUCTS_DIR; };
/* End PBXFileReference section */

/* Begin PBXFrameworksBuildPhase section */
		30938A871E72CDFE007D3DA9 /* Frameworks */ = {
			isa = PBXFrameworksBuildPhase;
			buildActionMask = 2147483647;
			files = (
				23A68145DDCF4A19337CA2DD /* libPods-wangyi.a in Frameworks */,
			);
			runOnlyForDeploymentPostprocessing = 0;
		};
		30938AA01E72CDFE007D3DA9 /* Frameworks */ = {
			isa = PBXFrameworksBuildPhase;
			buildActionMask = 2147483647;
			files = (
			);
			runOnlyForDeploymentPostprocessing = 0;
		};
		30938AAB1E72CDFE007D3DA9 /* Frameworks */ = {
			isa = PBXFrameworksBuildPhase;
			buildActionMask = 2147483647;
			files = (
			);
			runOnlyForDeploymentPostprocessing = 0;
		};
/* End PBXFrameworksBuildPhase section */

/* Begin PBXGroup section */
		0F410BD9D5DB81B341F7E993 /* Pods */ = {
			isa = PBXGroup;
			children = (
				9588B1CD725B8B5853FA9517 /* Pods-wangyi.debug.xcconfig */,
				5AB33235B05DA05B6481FB3E /* Pods-wangyi.release.xcconfig */,
			);
			name = Pods;
			sourceTree = "<group>";
		};
		30938A811E72CDFE007D3DA9 = {
			isa = PBXGroup;
			children = (
				30938A8C1E72CDFE007D3DA9 /* wangyi */,
				30938AA61E72CDFE007D3DA9 /* wangyiTests */,
				30938AB11E72CDFE007D3DA9 /* wangyiUITests */,
				30938A8B1E72CDFE007D3DA9 /* Products */,
				0F410BD9D5DB81B341F7E993 /* Pods */,
				AAAC9D12AA35AAC220584A4F /* Frameworks */,
			);
			sourceTree = "<group>";
		};
		30938A8B1E72CDFE007D3DA9 /* Products */ = {
			isa = PBXGroup;
			children = (
				30938A8A1E72CDFE007D3DA9 /* wangyi.app */,
				30938AA31E72CDFE007D3DA9 /* wangyiTests.xctest */,
				30938AAE1E72CDFE007D3DA9 /* wangyiUITests.xctest */,
			);
			name = Products;
			sourceTree = "<group>";
		};
		30938A8C1E72CDFE007D3DA9 /* wangyi */ = {
			isa = PBXGroup;
			children = (
				30938A901E72CDFE007D3DA9 /* AppDelegate.h */,
				30938A911E72CDFE007D3DA9 /* AppDelegate.m */,
				30938A931E72CDFE007D3DA9 /* ViewController.h */,
				30938A941E72CDFE007D3DA9 /* ViewController.m */,
				30938A961E72CDFE007D3DA9 /* Main.storyboard */,
				30938A991E72CDFE007D3DA9 /* Assets.xcassets */,
				30938A9B1E72CDFE007D3DA9 /* LaunchScreen.storyboard */,
				30938A9E1E72CDFE007D3DA9 /* Info.plist */,
				30938A8D1E72CDFE007D3DA9 /* Supporting Files */,
			);
			path = wangyi;
			sourceTree = "<group>";
		};
		30938A8D1E72CDFE007D3DA9 /* Supporting Files */ = {
			isa = PBXGroup;
			children = (
				30938A8E1E72CDFE007D3DA9 /* main.m */,
			);
			name = "Supporting Files";
			sourceTree = "<group>";
		};
		30938AA61E72CDFE007D3DA9 /* wangyiTests */ = {
			isa = PBXGroup;
			children = (
				30938AA71E72CDFE007D3DA9 /* wangyiTests.m */,
				30938AA91E72CDFE007D3DA9 /* Info.plist */,
			);
			path = wangyiTests;
			sourceTree = "<group>";
		};
		30938AB11E72CDFE007D3DA9 /* wangyiUITests */ = {
			isa = PBXGroup;
			children = (
				30938AB21E72CDFE007D3DA9 /* wangyiUITests.m */,
				30938AB41E72CDFE007D3DA9 /* Info.plist */,
			);
			path = wangyiUITests;
			sourceTree = "<group>";
		};
		AAAC9D12AA35AAC220584A4F /* Frameworks */ = {
			isa = PBXGroup;
			children = (
				AE4DCE03FF7E95C0BD434249 /* libPods-wangyi.a */,
			);
			name = Frameworks;
			sourceTree = "<group>";
		};
/* End PBXGroup section */

/* Begin PBXNativeTarget section */
		30938A891E72CDFE007D3DA9 /* wangyi */ = {
			isa = PBXNativeTarget;
			buildConfigurationList = 30938AB71E72CDFE007D3DA9 /* Build configuration list for PBXNativeTarget "wangyi" */;
			buildPhases = (
				B0588B464164FD62859C3ECD /* [CP] Check Pods Manifest.lock */,
				30938A861E72CDFE007D3DA9 /* Sources */,
				30938A871E72CDFE007D3DA9 /* Frameworks */,
				30938A881E72CDFE007D3DA9 /* Resources */,
				0462EE13DACC3BCECAE82279 /* [CP] Embed Pods Frameworks */,
				2C364C56D1159CC49D2C9EF6 /* [CP] Copy Pods Resources */,
			);
			buildRules = (
			);
			dependencies = (
			);
			name = wangyi;
			productName = wangyi;
			productReference = 30938A8A1E72CDFE007D3DA9 /* wangyi.app */;
			productType = "com.apple.product-type.application";
		};
		30938AA21E72CDFE007D3DA9 /* wangyiTests */ = {
			isa = PBXNativeTarget;
			buildConfigurationList = 30938ABA1E72CDFE007D3DA9 /* Build configuration list for PBXNativeTarget "wangyiTests" */;
			buildPhases = (
				30938A9F1E72CDFE007D3DA9 /* Sources */,
				30938AA01E72CDFE007D3DA9 /* Frameworks */,
				30938AA11E72CDFE007D3DA9 /* Resources */,
			);
			buildRules = (
			);
			dependencies = (
				30938AA51E72CDFE007D3DA9 /* PBXTargetDependency */,
			);
			name = wangyiTests;
			productName = wangyiTests;
			productReference = 30938AA31E72CDFE007D3DA9 /* wangyiTests.xctest */;
			productType = "com.apple.product-type.bundle.unit-test";
		};
		30938AAD1E72CDFE007D3DA9 /* wangyiUITests */ = {
			isa = PBXNativeTarget;
			buildConfigurationList = 30938ABD1E72CDFE007D3DA9 /* Build configuration list for PBXNativeTarget "wangyiUITests" */;
			buildPhases = (
				30938AAA1E72CDFE007D3DA9 /* Sources */,
				30938AAB1E72CDFE007D3DA9 /* Frameworks */,
				30938AAC1E72CDFE007D3DA9 /* Resources */,
			);
			buildRules = (
			);
			dependencies = (
				30938AB01E72CDFE007D3DA9 /* PBXTargetDependency */,
			);
			name = wangyiUITests;
			productName = wangyiUITests;
			productReference = 30938AAE1E72CDFE007D3DA9 /* wangyiUITests.xctest */;
			productType = "com.apple.product-type.bundle.ui-testing";
		};
/* End PBXNativeTarget section */

/* Begin PBXProject section */
		30938A821E72CDFE007D3DA9 /* Project object */ = {
			isa = PBXProject;
			attributes = {
				LastUpgradeCheck = 0820;
				ORGANIZATIONNAME = qinningning;
				TargetAttributes = {
					30938A891E72CDFE007D3DA9 = {
						CreatedOnToolsVersion = 8.2;
						ProvisioningStyle = Automatic;
					};
					30938AA21E72CDFE007D3DA9 = {
						CreatedOnToolsVersion = 8.2;
						ProvisioningStyle = Automatic;
						TestTargetID = 30938A891E72CDFE007D3DA9;
					};
					30938AAD1E72CDFE007D3DA9 = {
						CreatedOnToolsVersion = 8.2;
						ProvisioningStyle = Automatic;
						TestTargetID = 30938A891E72CDFE007D3DA9;
					};
				};
			};
			buildConfigurationList = 30938A851E72CDFE007D3DA9 /* Build configuration list for PBXProject "wangyi" */;
			compatibilityVersion = "Xcode 3.2";
			developmentRegion = English;
			hasScannedForEncodings = 0;
			knownRegions = (
				en,
				Base,
			);
			mainGroup = 30938A811E72CDFE007D3DA9;
			productRefGroup = 30938A8B1E72CDFE007D3DA9 /* Products */;
			projectDirPath = "";
			projectRoot = "";
			targets = (
				30938A891E72CDFE007D3DA9 /* wangyi */,
				30938AA21E72CDFE007D3DA9 /* wangyiTests */,
				30938AAD1E72CDFE007D3DA9 /* wangyiUITests */,
			);
		};
/* End PBXProject section */

/* Begin PBXResourcesBuildPhase section */
		30938A881E72CDFE007D3DA9 /* Resources */ = {
			isa = PBXResourcesBuildPhase;
			buildActionMask = 2147483647;
			files = (
				30938A9D1E72CDFE007D3DA9 /* LaunchScreen.storyboard in Resources */,
				30938A9A1E72CDFE007D3DA9 /* Assets.xcassets in Resources */,
				30938A981E72CDFE007D3DA9 /* Main.storyboard in Resources */,
			);
			runOnlyForDeploymentPostprocessing = 0;
		};
		30938AA11E72CDFE007D3DA9 /* Resources */ = {
			isa = PBXResourcesBuildPhase;
			buildActionMask = 2147483647;
			files = (
			);
			runOnlyForDeploymentPostprocessing = 0;
		};
		30938AAC1E72CDFE007D3DA9 /* Resources */ = {
			isa = PBXResourcesBuildPhase;
			buildActionMask = 2147483647;
			files = (
			);
			runOnlyForDeploymentPostprocessing = 0;
		};
/* End PBXResourcesBuildPhase section */

/* Begin PBXShellScriptBuildPhase section */
		0462EE13DACC3BCECAE82279 /* [CP] Embed Pods Frameworks */ = {
			isa = PBXShellScriptBuildPhase;
			buildActionMask = 2147483647;
			files = (
			);
			inputPaths = (
			);
			name = "[CP] Embed Pods Frameworks";
			outputPaths = (
			);
			runOnlyForDeploymentPostprocessing = 0;
			shellPath = /bin/sh;
			shellScript = "\"${SRCROOT}/Pods/Target Support Files/Pods-wangyi/Pods-wangyi-frameworks.sh\"\n";
			showEnvVarsInLog = 0;
		};
		2C364C56D1159CC49D2C9EF6 /* [CP] Copy Pods Resources */ = {
			isa = PBXShellScriptBuildPhase;
			buildActionMask = 2147483647;
			files = (
			);
			inputPaths = (
			);
			name = "[CP] Copy Pods Resources";
			outputPaths = (
			);
			runOnlyForDeploymentPostprocessing = 0;
			shellPath = /bin/sh;
			shellScript = "\"${SRCROOT}/Pods/Target Support Files/Pods-wangyi/Pods-wangyi-resources.sh\"\n";
			showEnvVarsInLog = 0;
		};
		B0588B464164FD62859C3ECD /* [CP] Check Pods Manifest.lock */ = {
			isa = PBXShellScriptBuildPhase;
			buildActionMask = 2147483647;
			files = (
			);
			inputPaths = (
			);
			name = "[CP] Check Pods Manifest.lock";
			outputPaths = (
			);
			runOnlyForDeploymentPostprocessing = 0;
			shellPath = /bin/sh;
			shellScript = "diff \"${PODS_ROOT}/../Podfile.lock\" \"${PODS_ROOT}/Manifest.lock\" > /dev/null\nif [ $? != 0 ] ; then\n    # print error to STDERR\n    echo \"error: The sandbox is not in sync with the Podfile.lock. Run 'pod install' or update your CocoaPods installation.\" >&2\n    exit 1\nfi\n";
			showEnvVarsInLog = 0;
		};
/* End PBXShellScriptBuildPhase section */

/* Begin PBXSourcesBuildPhase section */
		30938A861E72CDFE007D3DA9 /* Sources */ = {
			isa = PBXSourcesBuildPhase;
			buildActionMask = 2147483647;
			files = (
				30938A951E72CDFE007D3DA9 /* ViewController.m in Sources */,
				30938A921E72CDFE007D3DA9 /* AppDelegate.m in Sources */,
				30938A8F1E72CDFE007D3DA9 /* main.m in Sources */,
			);
			runOnlyForDeploymentPostprocessing = 0;
		};
		30938A9F1E72CDFE007D3DA9 /* Sources */ = {
			isa = PBXSourcesBuildPhase;
			buildActionMask = 2147483647;
			files = (
				30938AA81E72CDFE007D3DA9 /* wangyiTests.m in Sources */,
			);
			runOnlyForDeploymentPostprocessing = 0;
		};
		30938AAA1E72CDFE007D3DA9 /* Sources */ = {
			isa = PBXSourcesBuildPhase;
			buildActionMask = 2147483647;
			files = (
				30938AB31E72CDFE007D3DA9 /* wangyiUITests.m in Sources */,
			);
			runOnlyForDeploymentPostprocessing = 0;
		};
/* End PBXSourcesBuildPhase section */

/* Begin PBXTargetDependency section */
		30938AA51E72CDFE007D3DA9 /* PBXTargetDependency */ = {
			isa = PBXTargetDependency;
			target = 30938A891E72CDFE007D3DA9 /* wangyi */;
			targetProxy = 30938AA41E72CDFE007D3DA9 /* PBXContainerItemProxy */;
		};
		30938AB01E72CDFE007D3DA9 /* PBXTargetDependency */ = {
			isa = PBXTargetDependency;
			target = 30938A891E72CDFE007D3DA9 /* wangyi */;
			targetProxy = 30938AAF1E72CDFE007D3DA9 /* PBXContainerItemProxy */;
		};
/* End PBXTargetDependency section */

/* Begin PBXVariantGroup section */
		30938A961E72CDFE007D3DA9 /* Main.storyboard */ = {
			isa = PBXVariantGroup;
			children = (
				30938A971E72CDFE007D3DA9 /* Base */,
			);
			name = Main.storyboard;
			sourceTree = "<group>";
		};
		30938A9B1E72CDFE007D3DA9 /* LaunchScreen.storyboard */ = {
			isa = PBXVariantGroup;
			children = (
				30938A9C1E72CDFE007D3DA9 /* Base */,
			);
			name = LaunchScreen.storyboard;
			sourceTree = "<group>";
		};
/* End PBXVariantGroup section */

/* Begin XCBuildConfiguration section */
		30938AB51E72CDFE007D3DA9 /* Debug */ = {
			isa = XCBuildConfiguration;
			buildSettings = {
				ALWAYS_SEARCH_USER_PATHS = NO;
				CLANG_ANALYZER_NONNULL = YES;
				CLANG_CXX_LANGUAGE_STANDARD = "gnu++0x";
				CLANG_CXX_LIBRARY = "libc++";
				CLANG_ENABLE_MODULES = YES;
				CLANG_ENABLE_OBJC_ARC = YES;
				CLANG_WARN_BOOL_CONVERSION = YES;
				CLANG_WARN_CONSTANT_CONVERSION = YES;
				CLANG_WARN_DIRECT_OBJC_ISA_USAGE = YES_ERROR;
				CLANG_WARN_DOCUMENTATION_COMMENTS = YES;
				CLANG_WARN_EMPTY_BODY = YES;
				CLANG_WARN_ENUM_CONVERSION = YES;
				CLANG_WARN_INFINITE_RECURSION = YES;
				CLANG_WARN_INT_CONVERSION = YES;
				CLANG_WARN_OBJC_ROOT_CLASS = YES_ERROR;
				CLANG_WARN_SUSPICIOUS_MOVE = YES;
				CLANG_WARN_UNREACHABLE_CODE = YES;
				CLANG_WARN__DUPLICATE_METHOD_MATCH = YES;
				"CODE_SIGN_IDENTITY[sdk=iphoneos*]" = "iPhone Developer";
				COPY_PHASE_STRIP = NO;
				DEBUG_INFORMATION_FORMAT = dwarf;
				ENABLE_STRICT_OBJC_MSGSEND = YES;
				ENABLE_TESTABILITY = YES;
				GCC_C_LANGUAGE_STANDARD = gnu99;
				GCC_DYNAMIC_NO_PIC = NO;
				GCC_NO_COMMON_BLOCKS = YES;
				GCC_OPTIMIZATION_LEVEL = 0;
				GCC_PREPROCESSOR_DEFINITIONS = (
					"DEBUG=1",
					"$(inherited)",
				);
				GCC_WARN_64_TO_32_BIT_CONVERSION = YES;
				GCC_WARN_ABOUT_RETURN_TYPE = YES_ERROR;
				GCC_WARN_UNDECLARED_SELECTOR = YES;
				GCC_WARN_UNINITIALIZED_AUTOS = YES_AGGRESSIVE;
				GCC_WARN_UNUSED_FUNCTION = YES;
				GCC_WARN_UNUSED_VARIABLE = YES;
				IPHONEOS_DEPLOYMENT_TARGET = 10.2;
				MTL_ENABLE_DEBUG_INFO = YES;
				ONLY_ACTIVE_ARCH = YES;
				SDKROOT = iphoneos;
			};
			name = Debug;
		};
		30938AB61E72CDFE007D3DA9 /* Release */ = {
			isa = XCBuildConfiguration;
			buildSettings = {
				ALWAYS_SEARCH_USER_PATHS = NO;
				CLANG_ANALYZER_NONNULL = YES;
				CLANG_CXX_LANGUAGE_STANDARD = "gnu++0x";
				CLANG_CXX_LIBRARY = "libc++";
				CLANG_ENABLE_MODULES = YES;
				CLANG_ENABLE_OBJC_ARC = YES;
				CLANG_WARN_BOOL_CONVERSION = YES;
				CLANG_WARN_CONSTANT_CONVERSION = YES;
				CLANG_WARN_DIRECT_OBJC_ISA_USAGE = YES_ERROR;
				CLANG_WARN_DOCUMENTATION_COMMENTS = YES;
				CLANG_WARN_EMPTY_BODY = YES;
				CLANG_WARN_ENUM_CONVERSION = YES;
				CLANG_WARN_INFINITE_RECURSION = YES;
				CLANG_WARN_INT_CONVERSION = YES;
				CLANG_WARN_OBJC_ROOT_CLASS = YES_ERROR;
				CLANG_WARN_SUSPICIOUS_MOVE = YES;
				CLANG_WARN_UNREACHABLE_CODE = YES;
				CLANG_WARN__DUPLICATE_METHOD_MATCH = YES;
				"CODE_SIGN_IDENTITY[sdk=iphoneos*]" = "iPhone Developer";
				COPY_PHASE_STRIP = NO;
				DEBUG_INFORMATION_FORMAT = "dwarf-with-dsym";
				ENABLE_NS_ASSERTIONS = NO;
				ENABLE_STRICT_OBJC_MSGSEND = YES;
				GCC_C_LANGUAGE_STANDARD = gnu99;
				GCC_NO_COMMON_BLOCKS = YES;
				GCC_WARN_64_TO_32_BIT_CONVERSION = YES;
				GCC_WARN_ABOUT_RETURN_TYPE = YES_ERROR;
				GCC_WARN_UNDECLARED_SELECTOR = YES;
				GCC_WARN_UNINITIALIZED_AUTOS = YES_AGGRESSIVE;
				GCC_WARN_UNUSED_FUNCTION = YES;
				GCC_WARN_UNUSED_VARIABLE = YES;
				IPHONEOS_DEPLOYMENT_TARGET = 10.2;
				MTL_ENABLE_DEBUG_INFO = NO;
				SDKROOT = iphoneos;
				VALIDATE_PRODUCT = YES;
			};
			name = Release;
		};
		30938AB81E72CDFE007D3DA9 /* Debug */ = {
			isa = XCBuildConfiguration;
			baseConfigurationReference = 9588B1CD725B8B5853FA9517 /* Pods-wangyi.debug.xcconfig */;
			buildSettings = {
				ASSETCATALOG_COMPILER_APPICON_NAME = AppIcon;
				INFOPLIST_FILE = wangyi/Info.plist;
				IPHONEOS_DEPLOYMENT_TARGET = 9.0;
				LD_RUNPATH_SEARCH_PATHS = "$(inherited) @executable_path/Frameworks";
				PRODUCT_BUNDLE_IDENTIFIER = NNQ.wangyi;
				PRODUCT_NAME = "$(TARGET_NAME)";
			};
			name = Debug;
		};
		30938AB91E72CDFE007D3DA9 /* Release */ = {
			isa = XCBuildConfiguration;
			baseConfigurationReference = 5AB33235B05DA05B6481FB3E /* Pods-wangyi.release.xcconfig */;
			buildSettings = {
				ASSETCATALOG_COMPILER_APPICON_NAME = AppIcon;
				INFOPLIST_FILE = wangyi/Info.plist;
				IPHONEOS_DEPLOYMENT_TARGET = 9.0;
				LD_RUNPATH_SEARCH_PATHS = "$(inherited) @executable_path/Frameworks";
				PRODUCT_BUNDLE_IDENTIFIER = NNQ.wangyi;
				PRODUCT_NAME = "$(TARGET_NAME)";
			};
			name = Release;
		};
		30938ABB1E72CDFE007D3DA9 /* Debug */ = {
			isa = XCBuildConfiguration;
			buildSettings = {
				BUNDLE_LOADER = "$(TEST_HOST)";
				INFOPLIST_FILE = wangyiTests/Info.plist;
				LD_RUNPATH_SEARCH_PATHS = "$(inherited) @executable_path/Frameworks @loader_path/Frameworks";
				PRODUCT_BUNDLE_IDENTIFIER = NNQ.wangyiTests;
				PRODUCT_NAME = "$(TARGET_NAME)";
				TEST_HOST = "$(BUILT_PRODUCTS_DIR)/wangyi.app/wangyi";
			};
			name = Debug;
		};
		30938ABC1E72CDFE007D3DA9 /* Release */ = {
			isa = XCBuildConfiguration;
			buildSettings = {
				BUNDLE_LOADER = "$(TEST_HOST)";
				INFOPLIST_FILE = wangyiTests/Info.plist;
				LD_RUNPATH_SEARCH_PATHS = "$(inherited) @executable_path/Frameworks @loader_path/Frameworks";
				PRODUCT_BUNDLE_IDENTIFIER = NNQ.wangyiTests;
				PRODUCT_NAME = "$(TARGET_NAME)";
				TEST_HOST = "$(BUILT_PRODUCTS_DIR)/wangyi.app/wangyi";
			};
			name = Release;
		};
		30938ABE1E72CDFE007D3DA9 /* Debug */ = {
			isa = XCBuildConfiguration;
			buildSettings = {
				INFOPLIST_FILE = wangyiUITests/Info.plist;
				LD_RUNPATH_SEARCH_PATHS = "$(inherited) @executable_path/Frameworks @loader_path/Frameworks";
				PRODUCT_BUNDLE_IDENTIFIER = NNQ.wangyiUITests;
				PRODUCT_NAME = "$(TARGET_NAME)";
				TEST_TARGET_NAME = wangyi;
			};
			name = Debug;
		};
		30938ABF1E72CDFE007D3DA9 /* Release */ = {
			isa = XCBuildConfiguration;
			buildSettings = {
				INFOPLIST_FILE = wangyiUITests/Info.plist;
				LD_RUNPATH_SEARCH_PATHS = "$(inherited) @executable_path/Frameworks @loader_path/Frameworks";
				PRODUCT_BUNDLE_IDENTIFIER = NNQ.wangyiUITests;
				PRODUCT_NAME = "$(TARGET_NAME)";
				TEST_TARGET_NAME = wangyi;
			};
			name = Release;
		};
/* End XCBuildConfiguration section */

/* Begin XCConfigurationList section */
		30938A851E72CDFE007D3DA9 /* Build configuration list for PBXProject "wangyi" */ = {
			isa = XCConfigurationList;
			buildConfigurations = (
				30938AB51E72CDFE007D3DA9 /* Debug */,
				30938AB61E72CDFE007D3DA9 /* Release */,
			);
			defaultConfigurationIsVisible = 0;
			defaultConfigurationName = Release;
		};
		30938AB71E72CDFE007D3DA9 /* Build configuration list for PBXNativeTarget "wangyi" */ = {
			isa = XCConfigurationList;
			buildConfigurations = (
				30938AB81E72CDFE007D3DA9 /* Debug */,
				30938AB91E72CDFE007D3DA9 /* Release */,
			);
			defaultConfigurationIsVisible = 0;
			defaultConfigurationName = Release;
		};
		30938ABA1E72CDFE007D3DA9 /* Build configuration list for PBXNativeTarget "wangyiTests" */ = {
			isa = XCConfigurationList;
			buildConfigurations = (
				30938ABB1E72CDFE007D3DA9 /* Debug */,
				30938ABC1E72CDFE007D3DA9 /* Release */,
			);
			defaultConfigurationIsVisible = 0;
			defaultConfigurationName = Release;
		};
		30938ABD1E72CDFE007D3DA9 /* Build configuration list for PBXNativeTarget "wangyiUITests" */ = {
			isa = XCConfigurationList;
			buildConfigurations = (
				30938ABE1E72CDFE007D3DA9 /* Debug */,
				30938ABF1E72CDFE007D3DA9 /* Release */,
			);
			defaultConfigurationIsVisible = 0;
			defaultConfigurationName = Release;
		};
/* End XCConfigurationList section */
	};
	rootObject = 30938A821E72CDFE007D3DA9 /* Project object */;
}
